
Microsoft Visual Studio Solution File, Format Version 12.00
# Visual Studio Version 16
VisualStudioVersion = 16.0.29905.134
MinimumVisualStudioVersion = 10.0.40219.1
Project("{9A19103F-16F7-4668-BE54-9A1E7A4F7556}") = "WatchPortalFunction", "WatchPortalFunction\WatchPortalFunction.csproj", "{187CE79D-3C2D-4B9C-A032-CBA01BF40B98}"
EndProject
Project("{FAE04EC0-301F-11D3-BF4B-00C04F79EFBC}") = "WatchFunctionsTests", "WatchFunctionsTests\WatchFunctionsTests.csproj", "{AE188B48-19CF-4B9A-A36D-C162209A14BA}"
EndProject
Global
	GlobalSection(SolutionConfigurationPlatforms) = preSolution
		Debug|Any CPU = Debug|Any CPU
		Release|Any CPU = Release|Any CPU
	EndGlobalSection
	GlobalSection(ProjectConfigurationPlatforms) = postSolution
		{187CE79D-3C2D-4B9C-A032-CBA01BF40B98}.Debug|Any CPU.ActiveCfg = Debug|Any CPU
		{187CE79D-3C2D-4B9C-A032-CBA01BF40B98}.Debug|Any CPU.Build.0 = Debug|Any CPU
		{187CE79D-3C2D-4B9C-A032-CBA01BF40B98}.Release|Any CPU.ActiveCfg = Release|Any CPU
		{187CE79D-3C2D-4B9C-A032-CBA01BF40B98}.Release|Any CPU.Build.0 = Release|Any CPU
		{AE188B48-19CF-4B9A-A36D-C162209A14BA}.Debug|Any CPU.ActiveCfg = Debug|Any CPU
		{AE188B48-19CF-4B9A-A36D-C162209A14BA}.Debug|Any CPU.Build.0 = Debug|Any CPU
		{AE188B48-19CF-4B9A-A36D-C162209A14BA}.Release|Any CPU.ActiveCfg = Release|Any CPU
		{AE188B48-19CF-4B9A-A36D-C162209A14BA}.Release|Any CPU.Build.0 = Release|Any CPU
	EndGlobalSection
	GlobalSection(SolutionProperties) = preSolution
		HideSolutionNode = FALSE
	EndGlobalSection
	GlobalSection(ExtensibilityGlobals) = postSolution
		SolutionGuid = {1F29ACDD-DD27-41CA-9B82-D388419D0885}
	EndGlobalSection
EndGlobal
